
Microsoft Visual Studio Solution File, Format Version 12.00
# Visual Studio 15
VisualStudioVersion = 15.0.25920.0
MinimumVisualStudioVersion = 10.0.40219.1
Project("{9A19103F-16F7-4668-BE54-9A1E7A4F7556}") = "MartenBackend.Domain", "MartenBackend.Domain\MartenBackend.Domain.csproj", "{E7518742-23BB-4CFA-9E96-45A6CA992C96}"
EndProject
Project("{9A19103F-16F7-4668-BE54-9A1E7A4F7556}") = "MartenBackend.Repository", "MartenBackend.Repository\MartenBackend.Repository.csproj", "{84453EF9-5A31-41BF-86F9-ABF362F27080}"
EndProject
Project("{9A19103F-16F7-4668-BE54-9A1E7A4F7556}") = "MartenBackend.Repository.Contract", "MartenBackend.Repository.Contract\MartenBackend.Repository.Contract.csproj", "{465DF3DC-3992-4FB5-89BC-A81198E37CF5}"
EndProject
Project("{FAE04EC0-301F-11D3-BF4B-00C04F79EFBC}") = "MartenBackend.ConsoleApp", "MartenBackend.ConsoleApp\MartenBackend.ConsoleApp.csproj", "{7F258446-9693-4336-B33F-F3114DC8C7C0}"
EndProject
Project("{FAE04EC0-301F-11D3-BF4B-00C04F79EFBC}") = "MartenBackend.Test", "MartenBackend.Test\MartenBackend.Test.csproj", "{4D9224DE-5B9D-4B10-995B-9D98A02A527C}"
EndProject
Project("{FAE04EC0-301F-11D3-BF4B-00C04F79EFBC}") = "MartenBackend.Application", "MartenBackend.Application\MartenBackend.Application.csproj", "{E8AD5B9F-C7B3-483A-8249-A649E584029C}"
EndProject
Project("{FAE04EC0-301F-11D3-BF4B-00C04F79EFBC}") = "MartenBackend.BusinessEngine", "MartenBackend.BusinessEngine\MartenBackend.BusinessEngine.csproj", "{1CF1CA8C-62B3-42CB-93F7-9683EA4FD266}"
EndProject
Project("{FAE04EC0-301F-11D3-BF4B-00C04F79EFBC}") = "MartenBackend.BusinessEngine.Contract", "MartenBackend.BusinessEngine.Contract\MartenBackend.BusinessEngine.Contract.csproj", "{DADA53F7-DB02-4616-B66D-D21BCCB8B0FB}"
EndProject
Project("{FAE04EC0-301F-11D3-BF4B-00C04F79EFBC}") = "MartenBackend.BusinessEngine.Test", "MartenBackend.BusinessEngine.Test\MartenBackend.BusinessEngine.Test.csproj", "{59685408-8EA9-473E-B3DA-67FB61D02383}"
EndProject
Project("{2150E333-8FDC-42A3-9474-1A3956D46DE8}") = "UI", "UI", "{70FEE135-B936-452C-A6C3-9A652D32D6D1}"
EndProject
Project("{2150E333-8FDC-42A3-9474-1A3956D46DE8}") = "Business", "Business", "{1535D297-C608-4BEB-A986-C1327DB0C8A3}"
EndProject
Project("{2150E333-8FDC-42A3-9474-1A3956D46DE8}") = "Tests", "Tests", "{9E6C43E9-BC68-4EE1-9D53-E0BD003295BE}"
EndProject
Project("{2150E333-8FDC-42A3-9474-1A3956D46DE8}") = "Infrastructure", "Infrastructure", "{548117C4-8195-49B0-9242-3197FB3AE0DE}"
EndProject
Project("{FAE04EC0-301F-11D3-BF4B-00C04F79EFBC}") = "MartenBackend.Repository.Integration.Test", "MartenBackend.Repository.Integration.Test\MartenBackend.Repository.Integration.Test.csproj", "{A2951E99-2140-436D-9BBA-34E1D6245EA0}"
EndProject
Project("{FAE04EC0-301F-11D3-BF4B-00C04F79EFBC}") = "MartenBackend.Common", "MartenBackend.Common\MartenBackend.Common.csproj", "{BCBFBA37-488A-4CEC-93EA-B668EA89B2FD}"
EndProject
Project("{FAE04EC0-301F-11D3-BF4B-00C04F79EFBC}") = "MartenBackend.Common.Contract", "MartenBackend.Common.Contract\MartenBackend.Common.Contract.csproj", "{A4C1866A-4542-4DCE-BCEB-C5C42282BEB4}"
EndProject
Project("{2150E333-8FDC-42A3-9474-1A3956D46DE8}") = "Web", "Web", "{B7BE15B6-BA45-4BB4-80C2-D333783F8600}"
EndProject
Project("{FAE04EC0-301F-11D3-BF4B-00C04F79EFBC}") = "MartenBackend.WebApi", "MartenBackend.WebApi\MartenBackend.WebApi.csproj", "{DFFAF985-D54A-4763-BA31-BE163FD8BB70}"
EndProject
Project("{FAE04EC0-301F-11D3-BF4B-00C04F79EFBC}") = "MartenBackend.Repository.DI", "MartenBackend.Repository.DI\MartenBackend.Repository.DI.csproj", "{890CC2E5-AA76-4210-B836-EB57DDAF2A82}"
EndProject
Project("{FAE04EC0-301F-11D3-BF4B-00C04F79EFBC}") = "MartenBackend.BusinessEngine.DI", "MartenBackend.BusinessEngine.DI\MartenBackend.BusinessEngine.DI.csproj", "{473D0C24-CF74-4C55-A246-142482D844F7}"
EndProject
Project("{FAE04EC0-301F-11D3-BF4B-00C04F79EFBC}") = "MartenBackend.Application.DI", "MartenBackend.Application.DI\MartenBackend.Application.DI.csproj", "{7DE93C96-EF58-469E-9D26-CACFCB360FDF}"
EndProject
Global
	GlobalSection(SolutionConfigurationPlatforms) = preSolution
		Debug|Any CPU = Debug|Any CPU
		Debug|x64 = Debug|x64
		Debug|x86 = Debug|x86
		Release|Any CPU = Release|Any CPU
		Release|x64 = Release|x64
		Release|x86 = Release|x86
	EndGlobalSection
	GlobalSection(ProjectConfigurationPlatforms) = postSolution
		{E7518742-23BB-4CFA-9E96-45A6CA992C96}.Debug|Any CPU.ActiveCfg = Debug|Any CPU
		{E7518742-23BB-4CFA-9E96-45A6CA992C96}.Debug|Any CPU.Build.0 = Debug|Any CPU
		{E7518742-23BB-4CFA-9E96-45A6CA992C96}.Debug|x64.ActiveCfg = Debug|x64
		{E7518742-23BB-4CFA-9E96-45A6CA992C96}.Debug|x64.Build.0 = Debug|x64
		{E7518742-23BB-4CFA-9E96-45A6CA992C96}.Debug|x86.ActiveCfg = Debug|x86
		{E7518742-23BB-4CFA-9E96-45A6CA992C96}.Debug|x86.Build.0 = Debug|x86
		{E7518742-23BB-4CFA-9E96-45A6CA992C96}.Release|Any CPU.ActiveCfg = Release|Any CPU
		{E7518742-23BB-4CFA-9E96-45A6CA992C96}.Release|Any CPU.Build.0 = Release|Any CPU
		{E7518742-23BB-4CFA-9E96-45A6CA992C96}.Release|x64.ActiveCfg = Release|x64
		{E7518742-23BB-4CFA-9E96-45A6CA992C96}.Release|x64.Build.0 = Release|x64
		{E7518742-23BB-4CFA-9E96-45A6CA992C96}.Release|x86.ActiveCfg = Release|x86
		{E7518742-23BB-4CFA-9E96-45A6CA992C96}.Release|x86.Build.0 = Release|x86
		{84453EF9-5A31-41BF-86F9-ABF362F27080}.Debug|Any CPU.ActiveCfg = Debug|Any CPU
		{84453EF9-5A31-41BF-86F9-ABF362F27080}.Debug|Any CPU.Build.0 = Debug|Any CPU
		{84453EF9-5A31-41BF-86F9-ABF362F27080}.Debug|x64.ActiveCfg = Debug|x64
		{84453EF9-5A31-41BF-86F9-ABF362F27080}.Debug|x64.Build.0 = Debug|x64
		{84453EF9-5A31-41BF-86F9-ABF362F27080}.Debug|x86.ActiveCfg = Debug|x86
		{84453EF9-5A31-41BF-86F9-ABF362F27080}.Debug|x86.Build.0 = Debug|x86
		{84453EF9-5A31-41BF-86F9-ABF362F27080}.Release|Any CPU.ActiveCfg = Release|Any CPU
		{84453EF9-5A31-41BF-86F9-ABF362F27080}.Release|Any CPU.Build.0 = Release|Any CPU
		{84453EF9-5A31-41BF-86F9-ABF362F27080}.Release|x64.ActiveCfg = Release|x64
		{84453EF9-5A31-41BF-86F9-ABF362F27080}.Release|x64.Build.0 = Release|x64
		{84453EF9-5A31-41BF-86F9-ABF362F27080}.Release|x86.ActiveCfg = Release|x86
		{84453EF9-5A31-41BF-86F9-ABF362F27080}.Release|x86.Build.0 = Release|x86
		{465DF3DC-3992-4FB5-89BC-A81198E37CF5}.Debug|Any CPU.ActiveCfg = Debug|Any CPU
		{465DF3DC-3992-4FB5-89BC-A81198E37CF5}.Debug|Any CPU.Build.0 = Debug|Any CPU
		{465DF3DC-3992-4FB5-89BC-A81198E37CF5}.Debug|x64.ActiveCfg = Debug|x64
		{465DF3DC-3992-4FB5-89BC-A81198E37CF5}.Debug|x64.Build.0 = Debug|x64
		{465DF3DC-3992-4FB5-89BC-A81198E37CF5}.Debug|x86.ActiveCfg = Debug|x86
		{465DF3DC-3992-4FB5-89BC-A81198E37CF5}.Debug|x86.Build.0 = Debug|x86
		{465DF3DC-3992-4FB5-89BC-A81198E37CF5}.Release|Any CPU.ActiveCfg = Release|Any CPU
		{465DF3DC-3992-4FB5-89BC-A81198E37CF5}.Release|Any CPU.Build.0 = Release|Any CPU
		{465DF3DC-3992-4FB5-89BC-A81198E37CF5}.Release|x64.ActiveCfg = Release|x64
		{465DF3DC-3992-4FB5-89BC-A81198E37CF5}.Release|x64.Build.0 = Release|x64
		{465DF3DC-3992-4FB5-89BC-A81198E37CF5}.Release|x86.ActiveCfg = Release|x86
		{465DF3DC-3992-4FB5-89BC-A81198E37CF5}.Release|x86.Build.0 = Release|x86
		{7F258446-9693-4336-B33F-F3114DC8C7C0}.Debug|Any CPU.ActiveCfg = Debug|Any CPU
		{7F258446-9693-4336-B33F-F3114DC8C7C0}.Debug|Any CPU.Build.0 = Debug|Any CPU
		{7F258446-9693-4336-B33F-F3114DC8C7C0}.Debug|x64.ActiveCfg = Debug|Any CPU
		{7F258446-9693-4336-B33F-F3114DC8C7C0}.Debug|x64.Build.0 = Debug|Any CPU
		{7F258446-9693-4336-B33F-F3114DC8C7C0}.Debug|x86.ActiveCfg = Debug|Any CPU
		{7F258446-9693-4336-B33F-F3114DC8C7C0}.Debug|x86.Build.0 = Debug|Any CPU
		{7F258446-9693-4336-B33F-F3114DC8C7C0}.Release|Any CPU.ActiveCfg = Release|Any CPU
		{7F258446-9693-4336-B33F-F3114DC8C7C0}.Release|Any CPU.Build.0 = Release|Any CPU
		{7F258446-9693-4336-B33F-F3114DC8C7C0}.Release|x64.ActiveCfg = Release|Any CPU
		{7F258446-9693-4336-B33F-F3114DC8C7C0}.Release|x64.Build.0 = Release|Any CPU
		{7F258446-9693-4336-B33F-F3114DC8C7C0}.Release|x86.ActiveCfg = Release|Any CPU
		{7F258446-9693-4336-B33F-F3114DC8C7C0}.Release|x86.Build.0 = Release|Any CPU
		{4D9224DE-5B9D-4B10-995B-9D98A02A527C}.Debug|Any CPU.ActiveCfg = Debug|Any CPU
		{4D9224DE-5B9D-4B10-995B-9D98A02A527C}.Debug|Any CPU.Build.0 = Debug|Any CPU
		{4D9224DE-5B9D-4B10-995B-9D98A02A527C}.Debug|x64.ActiveCfg = Debug|Any CPU
		{4D9224DE-5B9D-4B10-995B-9D98A02A527C}.Debug|x64.Build.0 = Debug|Any CPU
		{4D9224DE-5B9D-4B10-995B-9D98A02A527C}.Debug|x86.ActiveCfg = Debug|Any CPU
		{4D9224DE-5B9D-4B10-995B-9D98A02A527C}.Debug|x86.Build.0 = Debug|Any CPU
		{4D9224DE-5B9D-4B10-995B-9D98A02A527C}.Release|Any CPU.ActiveCfg = Release|Any CPU
		{4D9224DE-5B9D-4B10-995B-9D98A02A527C}.Release|Any CPU.Build.0 = Release|Any CPU
		{4D9224DE-5B9D-4B10-995B-9D98A02A527C}.Release|x64.ActiveCfg = Release|Any CPU
		{4D9224DE-5B9D-4B10-995B-9D98A02A527C}.Release|x64.Build.0 = Release|Any CPU
		{4D9224DE-5B9D-4B10-995B-9D98A02A527C}.Release|x86.ActiveCfg = Release|Any CPU
		{4D9224DE-5B9D-4B10-995B-9D98A02A527C}.Release|x86.Build.0 = Release|Any CPU
		{E8AD5B9F-C7B3-483A-8249-A649E584029C}.Debug|Any CPU.ActiveCfg = Debug|Any CPU
		{E8AD5B9F-C7B3-483A-8249-A649E584029C}.Debug|Any CPU.Build.0 = Debug|Any CPU
		{E8AD5B9F-C7B3-483A-8249-A649E584029C}.Debug|x64.ActiveCfg = Debug|Any CPU
		{E8AD5B9F-C7B3-483A-8249-A649E584029C}.Debug|x64.Build.0 = Debug|Any CPU
		{E8AD5B9F-C7B3-483A-8249-A649E584029C}.Debug|x86.ActiveCfg = Debug|Any CPU
		{E8AD5B9F-C7B3-483A-8249-A649E584029C}.Debug|x86.Build.0 = Debug|Any CPU
		{E8AD5B9F-C7B3-483A-8249-A649E584029C}.Release|Any CPU.ActiveCfg = Release|Any CPU
		{E8AD5B9F-C7B3-483A-8249-A649E584029C}.Release|Any CPU.Build.0 = Release|Any CPU
		{E8AD5B9F-C7B3-483A-8249-A649E584029C}.Release|x64.ActiveCfg = Release|Any CPU
		{E8AD5B9F-C7B3-483A-8249-A649E584029C}.Release|x64.Build.0 = Release|Any CPU
		{E8AD5B9F-C7B3-483A-8249-A649E584029C}.Release|x86.ActiveCfg = Release|Any CPU
		{E8AD5B9F-C7B3-483A-8249-A649E584029C}.Release|x86.Build.0 = Release|Any CPU
		{1CF1CA8C-62B3-42CB-93F7-9683EA4FD266}.Debug|Any CPU.ActiveCfg = Debug|Any CPU
		{1CF1CA8C-62B3-42CB-93F7-9683EA4FD266}.Debug|Any CPU.Build.0 = Debug|Any CPU
		{1CF1CA8C-62B3-42CB-93F7-9683EA4FD266}.Debug|x64.ActiveCfg = Debug|Any CPU
		{1CF1CA8C-62B3-42CB-93F7-9683EA4FD266}.Debug|x64.Build.0 = Debug|Any CPU
		{1CF1CA8C-62B3-42CB-93F7-9683EA4FD266}.Debug|x86.ActiveCfg = Debug|Any CPU
		{1CF1CA8C-62B3-42CB-93F7-9683EA4FD266}.Debug|x86.Build.0 = Debug|Any CPU
		{1CF1CA8C-62B3-42CB-93F7-9683EA4FD266}.Release|Any CPU.ActiveCfg = Release|Any CPU
		{1CF1CA8C-62B3-42CB-93F7-9683EA4FD266}.Release|Any CPU.Build.0 = Release|Any CPU
		{1CF1CA8C-62B3-42CB-93F7-9683EA4FD266}.Release|x64.ActiveCfg = Release|Any CPU
		{1CF1CA8C-62B3-42CB-93F7-9683EA4FD266}.Release|x64.Build.0 = Release|Any CPU
		{1CF1CA8C-62B3-42CB-93F7-9683EA4FD266}.Release|x86.ActiveCfg = Release|Any CPU
		{1CF1CA8C-62B3-42CB-93F7-9683EA4FD266}.Release|x86.Build.0 = Release|Any CPU
		{DADA53F7-DB02-4616-B66D-D21BCCB8B0FB}.Debug|Any CPU.ActiveCfg = Debug|Any CPU
		{DADA53F7-DB02-4616-B66D-D21BCCB8B0FB}.Debug|Any CPU.Build.0 = Debug|Any CPU
		{DADA53F7-DB02-4616-B66D-D21BCCB8B0FB}.Debug|x64.ActiveCfg = Debug|Any CPU
		{DADA53F7-DB02-4616-B66D-D21BCCB8B0FB}.Debug|x64.Build.0 = Debug|Any CPU
		{DADA53F7-DB02-4616-B66D-D21BCCB8B0FB}.Debug|x86.ActiveCfg = Debug|Any CPU
		{DADA53F7-DB02-4616-B66D-D21BCCB8B0FB}.Debug|x86.Build.0 = Debug|Any CPU
		{DADA53F7-DB02-4616-B66D-D21BCCB8B0FB}.Release|Any CPU.ActiveCfg = Release|Any CPU
		{DADA53F7-DB02-4616-B66D-D21BCCB8B0FB}.Release|Any CPU.Build.0 = Release|Any CPU
		{DADA53F7-DB02-4616-B66D-D21BCCB8B0FB}.Release|x64.ActiveCfg = Release|Any CPU
		{DADA53F7-DB02-4616-B66D-D21BCCB8B0FB}.Release|x64.Build.0 = Release|Any CPU
		{DADA53F7-DB02-4616-B66D-D21BCCB8B0FB}.Release|x86.ActiveCfg = Release|Any CPU
		{DADA53F7-DB02-4616-B66D-D21BCCB8B0FB}.Release|x86.Build.0 = Release|Any CPU
		{59685408-8EA9-473E-B3DA-67FB61D02383}.Debug|Any CPU.ActiveCfg = Debug|Any CPU
		{59685408-8EA9-473E-B3DA-67FB61D02383}.Debug|Any CPU.Build.0 = Debug|Any CPU
		{59685408-8EA9-473E-B3DA-67FB61D02383}.Debug|x64.ActiveCfg = Debug|Any CPU
		{59685408-8EA9-473E-B3DA-67FB61D02383}.Debug|x64.Build.0 = Debug|Any CPU
		{59685408-8EA9-473E-B3DA-67FB61D02383}.Debug|x86.ActiveCfg = Debug|Any CPU
		{59685408-8EA9-473E-B3DA-67FB61D02383}.Debug|x86.Build.0 = Debug|Any CPU
		{59685408-8EA9-473E-B3DA-67FB61D02383}.Release|Any CPU.ActiveCfg = Release|Any CPU
		{59685408-8EA9-473E-B3DA-67FB61D02383}.Release|Any CPU.Build.0 = Release|Any CPU
		{59685408-8EA9-473E-B3DA-67FB61D02383}.Release|x64.ActiveCfg = Release|Any CPU
		{59685408-8EA9-473E-B3DA-67FB61D02383}.Release|x64.Build.0 = Release|Any CPU
		{59685408-8EA9-473E-B3DA-67FB61D02383}.Release|x86.ActiveCfg = Release|Any CPU
		{59685408-8EA9-473E-B3DA-67FB61D02383}.Release|x86.Build.0 = Release|Any CPU
		{A2951E99-2140-436D-9BBA-34E1D6245EA0}.Debug|Any CPU.ActiveCfg = Debug|Any CPU
		{A2951E99-2140-436D-9BBA-34E1D6245EA0}.Debug|Any CPU.Build.0 = Debug|Any CPU
		{A2951E99-2140-436D-9BBA-34E1D6245EA0}.Debug|x64.ActiveCfg = Debug|Any CPU
		{A2951E99-2140-436D-9BBA-34E1D6245EA0}.Debug|x64.Build.0 = Debug|Any CPU
		{A2951E99-2140-436D-9BBA-34E1D6245EA0}.Debug|x86.ActiveCfg = Debug|Any CPU
		{A2951E99-2140-436D-9BBA-34E1D6245EA0}.Debug|x86.Build.0 = Debug|Any CPU
		{A2951E99-2140-436D-9BBA-34E1D6245EA0}.Release|Any CPU.ActiveCfg = Release|Any CPU
		{A2951E99-2140-436D-9BBA-34E1D6245EA0}.Release|Any CPU.Build.0 = Release|Any CPU
		{A2951E99-2140-436D-9BBA-34E1D6245EA0}.Release|x64.ActiveCfg = Release|Any CPU
		{A2951E99-2140-436D-9BBA-34E1D6245EA0}.Release|x64.Build.0 = Release|Any CPU
		{A2951E99-2140-436D-9BBA-34E1D6245EA0}.Release|x86.ActiveCfg = Release|Any CPU
		{A2951E99-2140-436D-9BBA-34E1D6245EA0}.Release|x86.Build.0 = Release|Any CPU
		{BCBFBA37-488A-4CEC-93EA-B668EA89B2FD}.Debug|Any CPU.ActiveCfg = Debug|Any CPU
		{BCBFBA37-488A-4CEC-93EA-B668EA89B2FD}.Debug|Any CPU.Build.0 = Debug|Any CPU
		{BCBFBA37-488A-4CEC-93EA-B668EA89B2FD}.Debug|x64.ActiveCfg = Debug|Any CPU
		{BCBFBA37-488A-4CEC-93EA-B668EA89B2FD}.Debug|x64.Build.0 = Debug|Any CPU
		{BCBFBA37-488A-4CEC-93EA-B668EA89B2FD}.Debug|x86.ActiveCfg = Debug|Any CPU
		{BCBFBA37-488A-4CEC-93EA-B668EA89B2FD}.Debug|x86.Build.0 = Debug|Any CPU
		{BCBFBA37-488A-4CEC-93EA-B668EA89B2FD}.Release|Any CPU.ActiveCfg = Release|Any CPU
		{BCBFBA37-488A-4CEC-93EA-B668EA89B2FD}.Release|Any CPU.Build.0 = Release|Any CPU
		{BCBFBA37-488A-4CEC-93EA-B668EA89B2FD}.Release|x64.ActiveCfg = Release|Any CPU
		{BCBFBA37-488A-4CEC-93EA-B668EA89B2FD}.Release|x64.Build.0 = Release|Any CPU
		{BCBFBA37-488A-4CEC-93EA-B668EA89B2FD}.Release|x86.ActiveCfg = Release|Any CPU
		{BCBFBA37-488A-4CEC-93EA-B668EA89B2FD}.Release|x86.Build.0 = Release|Any CPU
		{A4C1866A-4542-4DCE-BCEB-C5C42282BEB4}.Debug|Any CPU.ActiveCfg = Debug|Any CPU
		{A4C1866A-4542-4DCE-BCEB-C5C42282BEB4}.Debug|Any CPU.Build.0 = Debug|Any CPU
		{A4C1866A-4542-4DCE-BCEB-C5C42282BEB4}.Debug|x64.ActiveCfg = Debug|Any CPU
		{A4C1866A-4542-4DCE-BCEB-C5C42282BEB4}.Debug|x64.Build.0 = Debug|Any CPU
		{A4C1866A-4542-4DCE-BCEB-C5C42282BEB4}.Debug|x86.ActiveCfg = Debug|Any CPU
		{A4C1866A-4542-4DCE-BCEB-C5C42282BEB4}.Debug|x86.Build.0 = Debug|Any CPU
		{A4C1866A-4542-4DCE-BCEB-C5C42282BEB4}.Release|Any CPU.ActiveCfg = Release|Any CPU
		{A4C1866A-4542-4DCE-BCEB-C5C42282BEB4}.Release|Any CPU.Build.0 = Release|Any CPU
		{A4C1866A-4542-4DCE-BCEB-C5C42282BEB4}.Release|x64.ActiveCfg = Release|Any CPU
		{A4C1866A-4542-4DCE-BCEB-C5C42282BEB4}.Release|x64.Build.0 = Release|Any CPU
		{A4C1866A-4542-4DCE-BCEB-C5C42282BEB4}.Release|x86.ActiveCfg = Release|Any CPU
		{A4C1866A-4542-4DCE-BCEB-C5C42282BEB4}.Release|x86.Build.0 = Release|Any CPU
		{DFFAF985-D54A-4763-BA31-BE163FD8BB70}.Debug|Any CPU.ActiveCfg = Debug|Any CPU
		{DFFAF985-D54A-4763-BA31-BE163FD8BB70}.Debug|Any CPU.Build.0 = Debug|Any CPU
		{DFFAF985-D54A-4763-BA31-BE163FD8BB70}.Debug|x64.ActiveCfg = Debug|Any CPU
		{DFFAF985-D54A-4763-BA31-BE163FD8BB70}.Debug|x64.Build.0 = Debug|Any CPU
		{DFFAF985-D54A-4763-BA31-BE163FD8BB70}.Debug|x86.ActiveCfg = Debug|Any CPU
		{DFFAF985-D54A-4763-BA31-BE163FD8BB70}.Debug|x86.Build.0 = Debug|Any CPU
		{DFFAF985-D54A-4763-BA31-BE163FD8BB70}.Release|Any CPU.ActiveCfg = Release|Any CPU
		{DFFAF985-D54A-4763-BA31-BE163FD8BB70}.Release|Any CPU.Build.0 = Release|Any CPU
		{DFFAF985-D54A-4763-BA31-BE163FD8BB70}.Release|x64.ActiveCfg = Release|Any CPU
		{DFFAF985-D54A-4763-BA31-BE163FD8BB70}.Release|x64.Build.0 = Release|Any CPU
		{DFFAF985-D54A-4763-BA31-BE163FD8BB70}.Release|x86.ActiveCfg = Release|Any CPU
		{DFFAF985-D54A-4763-BA31-BE163FD8BB70}.Release|x86.Build.0 = Release|Any CPU
		{890CC2E5-AA76-4210-B836-EB57DDAF2A82}.Debug|Any CPU.ActiveCfg = Debug|Any CPU
		{890CC2E5-AA76-4210-B836-EB57DDAF2A82}.Debug|Any CPU.Build.0 = Debug|Any CPU
		{890CC2E5-AA76-4210-B836-EB57DDAF2A82}.Debug|x64.ActiveCfg = Debug|Any CPU
		{890CC2E5-AA76-4210-B836-EB57DDAF2A82}.Debug|x64.Build.0 = Debug|Any CPU
		{890CC2E5-AA76-4210-B836-EB57DDAF2A82}.Debug|x86.ActiveCfg = Debug|Any CPU
		{890CC2E5-AA76-4210-B836-EB57DDAF2A82}.Debug|x86.Build.0 = Debug|Any CPU
		{890CC2E5-AA76-4210-B836-EB57DDAF2A82}.Release|Any CPU.ActiveCfg = Release|Any CPU
		{890CC2E5-AA76-4210-B836-EB57DDAF2A82}.Release|Any CPU.Build.0 = Release|Any CPU
		{890CC2E5-AA76-4210-B836-EB57DDAF2A82}.Release|x64.ActiveCfg = Release|Any CPU
		{890CC2E5-AA76-4210-B836-EB57DDAF2A82}.Release|x64.Build.0 = Release|Any CPU
		{890CC2E5-AA76-4210-B836-EB57DDAF2A82}.Release|x86.ActiveCfg = Release|Any CPU
		{890CC2E5-AA76-4210-B836-EB57DDAF2A82}.Release|x86.Build.0 = Release|Any CPU
		{473D0C24-CF74-4C55-A246-142482D844F7}.Debug|Any CPU.ActiveCfg = Debug|Any CPU
		{473D0C24-CF74-4C55-A246-142482D844F7}.Debug|Any CPU.Build.0 = Debug|Any CPU
		{473D0C24-CF74-4C55-A246-142482D844F7}.Debug|x64.ActiveCfg = Debug|Any CPU
		{473D0C24-CF74-4C55-A246-142482D844F7}.Debug|x64.Build.0 = Debug|Any CPU
		{473D0C24-CF74-4C55-A246-142482D844F7}.Debug|x86.ActiveCfg = Debug|Any CPU
		{473D0C24-CF74-4C55-A246-142482D844F7}.Debug|x86.Build.0 = Debug|Any CPU
		{473D0C24-CF74-4C55-A246-142482D844F7}.Release|Any CPU.ActiveCfg = Release|Any CPU
		{473D0C24-CF74-4C55-A246-142482D844F7}.Release|Any CPU.Build.0 = Release|Any CPU
		{473D0C24-CF74-4C55-A246-142482D844F7}.Release|x64.ActiveCfg = Release|Any CPU
		{473D0C24-CF74-4C55-A246-142482D844F7}.Release|x64.Build.0 = Release|Any CPU
		{473D0C24-CF74-4C55-A246-142482D844F7}.Release|x86.ActiveCfg = Release|Any CPU
		{473D0C24-CF74-4C55-A246-142482D844F7}.Release|x86.Build.0 = Release|Any CPU
		{7DE93C96-EF58-469E-9D26-CACFCB360FDF}.Debug|Any CPU.ActiveCfg = Debug|Any CPU
		{7DE93C96-EF58-469E-9D26-CACFCB360FDF}.Debug|Any CPU.Build.0 = Debug|Any CPU
		{7DE93C96-EF58-469E-9D26-CACFCB360FDF}.Debug|x64.ActiveCfg = Debug|Any CPU
		{7DE93C96-EF58-469E-9D26-CACFCB360FDF}.Debug|x64.Build.0 = Debug|Any CPU
		{7DE93C96-EF58-469E-9D26-CACFCB360FDF}.Debug|x86.ActiveCfg = Debug|Any CPU
		{7DE93C96-EF58-469E-9D26-CACFCB360FDF}.Debug|x86.Build.0 = Debug|Any CPU
		{7DE93C96-EF58-469E-9D26-CACFCB360FDF}.Release|Any CPU.ActiveCfg = Release|Any CPU
		{7DE93C96-EF58-469E-9D26-CACFCB360FDF}.Release|Any CPU.Build.0 = Release|Any CPU
		{7DE93C96-EF58-469E-9D26-CACFCB360FDF}.Release|x64.ActiveCfg = Release|Any CPU
		{7DE93C96-EF58-469E-9D26-CACFCB360FDF}.Release|x64.Build.0 = Release|Any CPU
		{7DE93C96-EF58-469E-9D26-CACFCB360FDF}.Release|x86.ActiveCfg = Release|Any CPU
		{7DE93C96-EF58-469E-9D26-CACFCB360FDF}.Release|x86.Build.0 = Release|Any CPU
	EndGlobalSection
	GlobalSection(SolutionProperties) = preSolution
		HideSolutionNode = FALSE
	EndGlobalSection
	GlobalSection(NestedProjects) = preSolution
		{E7518742-23BB-4CFA-9E96-45A6CA992C96} = {548117C4-8195-49B0-9242-3197FB3AE0DE}
		{84453EF9-5A31-41BF-86F9-ABF362F27080} = {1535D297-C608-4BEB-A986-C1327DB0C8A3}
		{465DF3DC-3992-4FB5-89BC-A81198E37CF5} = {1535D297-C608-4BEB-A986-C1327DB0C8A3}
		{7F258446-9693-4336-B33F-F3114DC8C7C0} = {70FEE135-B936-452C-A6C3-9A652D32D6D1}
		{4D9224DE-5B9D-4B10-995B-9D98A02A527C} = {9E6C43E9-BC68-4EE1-9D53-E0BD003295BE}
		{E8AD5B9F-C7B3-483A-8249-A649E584029C} = {70FEE135-B936-452C-A6C3-9A652D32D6D1}
		{1CF1CA8C-62B3-42CB-93F7-9683EA4FD266} = {1535D297-C608-4BEB-A986-C1327DB0C8A3}
		{DADA53F7-DB02-4616-B66D-D21BCCB8B0FB} = {1535D297-C608-4BEB-A986-C1327DB0C8A3}
		{59685408-8EA9-473E-B3DA-67FB61D02383} = {9E6C43E9-BC68-4EE1-9D53-E0BD003295BE}
		{A2951E99-2140-436D-9BBA-34E1D6245EA0} = {9E6C43E9-BC68-4EE1-9D53-E0BD003295BE}
		{BCBFBA37-488A-4CEC-93EA-B668EA89B2FD} = {548117C4-8195-49B0-9242-3197FB3AE0DE}
		{A4C1866A-4542-4DCE-BCEB-C5C42282BEB4} = {548117C4-8195-49B0-9242-3197FB3AE0DE}
		{DFFAF985-D54A-4763-BA31-BE163FD8BB70} = {B7BE15B6-BA45-4BB4-80C2-D333783F8600}
		{890CC2E5-AA76-4210-B836-EB57DDAF2A82} = {1535D297-C608-4BEB-A986-C1327DB0C8A3}
		{473D0C24-CF74-4C55-A246-142482D844F7} = {1535D297-C608-4BEB-A986-C1327DB0C8A3}
		{7DE93C96-EF58-469E-9D26-CACFCB360FDF} = {70FEE135-B936-452C-A6C3-9A652D32D6D1}
	EndGlobalSection
EndGlobal
